
Microsoft Visual Studio Solution File, Format Version 12.00
# Visual Studio Version 16
VisualStudioVersion = 16.0.29311.281
MinimumVisualStudioVersion = 10.0.40219.1
Project("{9A19103F-16F7-4668-BE54-9A1E7A4F7556}") = "BikeRental", "BikeRental\BikeRental.csproj", "{B0B3CDD4-EFC1-4985-AA7F-62FBC7B90AF3}"
EndProject
Project("{FAE04EC0-301F-11D3-BF4B-00C04F79EFBC}") = "Tests.BikeRental", "Tests.BikeRental\Tests.BikeRental.csproj", "{9BFE5703-3817-4A12-8C3A-E742100987E8}"
EndProject
Global
	GlobalSection(SolutionConfigurationPlatforms) = preSolution
		Debug|Any CPU = Debug|Any CPU
		Release|Any CPU = Release|Any CPU
	EndGlobalSection
	GlobalSection(ProjectConfigurationPlatforms) = postSolution
		{B0B3CDD4-EFC1-4985-AA7F-62FBC7B90AF3}.Debug|Any CPU.ActiveCfg = Debug|Any CPU
		{B0B3CDD4-EFC1-4985-AA7F-62FBC7B90AF3}.Debug|Any CPU.Build.0 = Debug|Any CPU
		{B0B3CDD4-EFC1-4985-AA7F-62FBC7B90AF3}.Release|Any CPU.ActiveCfg = Release|Any CPU
		{B0B3CDD4-EFC1-4985-AA7F-62FBC7B90AF3}.Release|Any CPU.Build.0 = Release|Any CPU
		{9BFE5703-3817-4A12-8C3A-E742100987E8}.Debug|Any CPU.ActiveCfg = Debug|Any CPU
		{9BFE5703-3817-4A12-8C3A-E742100987E8}.Debug|Any CPU.Build.0 = Debug|Any CPU
		{9BFE5703-3817-4A12-8C3A-E742100987E8}.Release|Any CPU.ActiveCfg = Release|Any CPU
		{9BFE5703-3817-4A12-8C3A-E742100987E8}.Release|Any CPU.Build.0 = Release|Any CPU
	EndGlobalSection
	GlobalSection(SolutionProperties) = preSolution
		HideSolutionNode = FALSE
	EndGlobalSection
	GlobalSection(ExtensibilityGlobals) = postSolution
		SolutionGuid = {72613BDF-2C9F-42A3-9DA0-DD6B18D306C2}
	EndGlobalSection
EndGlobal
